
Microsoft Visual Studio Solution File, Format Version 12.00
# Visual Studio Version 17
VisualStudioVersion = 17.0.32112.339
MinimumVisualStudioVersion = 10.0.40219.1
Project("{2150E333-8FDC-42A3-9474-1A3956D46DE8}") = "3_Linq", "3_Linq", "{6767B116-2377-46EE-A856-0E1BC67505FB}"
EndProject
Project("{2150E333-8FDC-42A3-9474-1A3956D46DE8}") = "2_MVC", "2_MVC", "{0C75F012-6051-4636-9D09-5FC039C6E94D}"
EndProject
Project("{2150E333-8FDC-42A3-9474-1A3956D46DE8}") = "1_Net6", "1_Net6", "{5BEAB4F2-EE58-4DB1-9E3B-0CD6C6BDE508}"
EndProject
Project("{9A19103F-16F7-4668-BE54-9A1E7A4F7556}") = "01_ConfigurationHelper", "2_MVC\01_ConfigurationHelper\01_ConfigurationHelper.csproj", "{070FDAB2-BB56-426C-A051-CB060C3A4241}"
EndProject
Project("{9A19103F-16F7-4668-BE54-9A1E7A4F7556}") = "02_ConfigureHostOptions", "2_MVC\02_ConfigureHostOptions\02_ConfigureHostOptions.csproj", "{44CB874E-174C-426A-BF24-873BBC431B7B}"
EndProject
Project("{9A19103F-16F7-4668-BE54-9A1E7A4F7556}") = "03_CreateAsyncScope", "2_MVC\03_CreateAsyncScope\03_CreateAsyncScope.csproj", "{862C30B4-0E88-4FE3-BA0B-F67F19C27326}"
EndProject
Project("{9A19103F-16F7-4668-BE54-9A1E7A4F7556}") = "04_Metrics", "2_MVC\04_Metrics\04_Metrics.csproj", "{7D9D35FB-2ED0-4DF5-A016-BDFF510D197D}"
EndProject
Project("{9A19103F-16F7-4668-BE54-9A1E7A4F7556}") = "01_FirstOrDefault", "3_Linq\01_FirstOrDefault\01_FirstOrDefault.csproj", "{94C67977-C876-4A5E-98E1-4C63DDA48A8D}"
EndProject
Project("{9A19103F-16F7-4668-BE54-9A1E7A4F7556}") = "02_ByMethods", "3_Linq\02_ByMethods\02_ByMethods.csproj", "{79941E67-6E62-46C5-A0F8-DAA105EBA9CD}"
EndProject
Project("{9A19103F-16F7-4668-BE54-9A1E7A4F7556}") = "03_Chunk", "3_Linq\03_Chunk\03_Chunk.csproj", "{659D15B5-8344-41D4-93F8-009850374FE6}"
EndProject
Project("{9A19103F-16F7-4668-BE54-9A1E7A4F7556}") = "04_ThreeWayZip", "3_Linq\04_ThreeWayZip\04_ThreeWayZip.csproj", "{2CC0F090-D418-45A4-ADDF-12519C8459C7}"
EndProject
Project("{9A19103F-16F7-4668-BE54-9A1E7A4F7556}") = "05_IndexSupportInElementAt", "3_Linq\05_IndexSupportInElementAt\05_IndexSupportInElementAt.csproj", "{01CFA09F-ED90-4890-A7E3-F74EE734440B}"
EndProject
Project("{9A19103F-16F7-4668-BE54-9A1E7A4F7556}") = "06_RangeSupportforTake", "3_Linq\06_RangeSupportforTake\06_RangeSupportforTake.csproj", "{9FE2EB27-2176-4388-87AC-7A017EDBA84A}"
EndProject
Project("{9A19103F-16F7-4668-BE54-9A1E7A4F7556}") = "07_TryGetNonEnumeratedCount", "3_Linq\07_TryGetNonEnumeratedCount\07_TryGetNonEnumeratedCount.csproj", "{23BC96D4-1C0D-47E7-84D2-A24D26526AB3}"
EndProject
Project("{9A19103F-16F7-4668-BE54-9A1E7A4F7556}") = "01_DateOnlyAndTimeOnly", "1_Net6\01_DateOnlyAndTimeOnly\01_DateOnlyAndTimeOnly.csproj", "{881D0D20-E7C2-4E97-8A84-E1999326613F}"
EndProject
Project("{9A19103F-16F7-4668-BE54-9A1E7A4F7556}") = "02_ForEachAsync", "1_Net6\02_ForEachAsync\02_ForEachAsync.csproj", "{3E58C590-3346-4C25-A7A2-6AF4F4C09BA0}"
EndProject
Project("{9A19103F-16F7-4668-BE54-9A1E7A4F7556}") = "03_ThrowIfNull", "1_Net6\03_ThrowIfNull\03_ThrowIfNull.csproj", "{C080947C-6624-4AFA-9436-4028CCC64D80}"
EndProject
Project("{9A19103F-16F7-4668-BE54-9A1E7A4F7556}") = "04_PriorityQueue", "1_Net6\04_PriorityQueue\04_PriorityQueue.csproj", "{BE980C29-00FA-436B-AC8A-D176426818DB}"
EndProject
Project("{9A19103F-16F7-4668-BE54-9A1E7A4F7556}") = "05_ReadingWritingFiles", "1_Net6\05_ReadingWritingFiles\05_ReadingWritingFiles.csproj", "{6AAB7983-912D-40D0-9788-29C8025F23C8}"
EndProject
Project("{9A19103F-16F7-4668-BE54-9A1E7A4F7556}") = "06_PeriodicTimer", "1_Net6\06_PeriodicTimer\06_PeriodicTimer.csproj", "{67A78F4E-C88E-43F6-8220-B2EC618AF593}"
EndProject
Project("{9A19103F-16F7-4668-BE54-9A1E7A4F7556}") = "20_ReflectionAPI_for_NullabilityInformation", "1_Net6\07_ReflectionAPI_for_NullabilityInformation\20_ReflectionAPI_for_NullabilityInformation.csproj", "{71375C9D-2A48-4D4C-B4D0-2F6FF9346468}"
EndProject
Project("{9A19103F-16F7-4668-BE54-9A1E7A4F7556}") = "21_ReflectionAPI_for_NestedNullabilityInformation", "1_Net6\08_ReflectionAPI_for_NestedNullabilityInformation\21_ReflectionAPI_for_NestedNullabilityInformation.csproj", "{54080468-5C62-418D-9BAE-7CE71C639B51}"
EndProject
Project("{9A19103F-16F7-4668-BE54-9A1E7A4F7556}") = "09_NativeMemoryAPI", "1_Net6\09_NativeMemoryAPI\09_NativeMemoryAPI.csproj", "{32CA35B6-33FC-4515-9BBA-33E1B1F8E68B}"
EndProject
Project("{9A19103F-16F7-4668-BE54-9A1E7A4F7556}") = "10_PowerOf2", "1_Net6\10_PowerOf2\10_PowerOf2.csproj", "{2819E274-7D56-444A-9893-FFBD31EA426B}"
EndProject
Project("{9A19103F-16F7-4668-BE54-9A1E7A4F7556}") = "11_WaitAsyncOnTask", "1_Net6\11_WaitAsyncOnTask\11_WaitAsyncOnTask.csproj", "{A3AC35DE-EEC4-4ADE-AC81-58082A0C4686}"
EndProject
Project("{9A19103F-16F7-4668-BE54-9A1E7A4F7556}") = "12_NewMath", "1_Net6\12_NewMath\12_NewMath.csproj", "{A99DBAAE-3FEA-450F-A826-28DC4D143AF5}"
EndProject
Project("{9A19103F-16F7-4668-BE54-9A1E7A4F7556}") = "13_CollectionsMarshalGetValueRefOrNullRef", "1_Net6\13_CollectionsMarshalGetValueRefOrNullRef\13_CollectionsMarshalGetValueRefOrNullRef.csproj", "{DB0CD7D0-E77C-4615-8F62-5D10CE1DBC23}"
EndProject
Project("{9A19103F-16F7-4668-BE54-9A1E7A4F7556}") = "14_SystemTextJson", "1_Net6\15_SystemTextJson\14_SystemTextJson.csproj", "{F38EA94F-5D18-428D-9C6E-21CEB3907C9B}"
EndProject
Project("{9A19103F-16F7-4668-BE54-9A1E7A4F7556}") = "15_SystemTextJson", "1_Net6\16_SystemTextJson\15_SystemTextJson.csproj", "{A490524D-0483-4510-8A7F-0C67664E3032}"
EndProject
Project("{9A19103F-16F7-4668-BE54-9A1E7A4F7556}") = "16_SystemTextJson", "1_Net6\17_SystemTextJson\16_SystemTextJson.csproj", "{B636A4E6-0953-4316-8B84-1DB4BC122A5C}"
EndProject
Project("{9A19103F-16F7-4668-BE54-9A1E7A4F7556}") = "07_ProcessPathAndID", "07_ProcessPathAndID\07_ProcessPathAndID.csproj", "{BDED1053-6327-41F3-99D5-49D396878F88}"
EndProject
Project("{FAE04EC0-301F-11D3-BF4B-00C04F79EFBC}") = "18_SystemTextJson", "1_Net6\18_SystemTextJson\18_SystemTextJson.csproj", "{D5AF983B-4DC7-413A-BB9B-B4DECB0FD5EF}"
EndProject
Global
	GlobalSection(SolutionConfigurationPlatforms) = preSolution
		Debug|Any CPU = Debug|Any CPU
		Release|Any CPU = Release|Any CPU
	EndGlobalSection
	GlobalSection(ProjectConfigurationPlatforms) = postSolution
		{070FDAB2-BB56-426C-A051-CB060C3A4241}.Debug|Any CPU.ActiveCfg = Debug|Any CPU
		{070FDAB2-BB56-426C-A051-CB060C3A4241}.Debug|Any CPU.Build.0 = Debug|Any CPU
		{070FDAB2-BB56-426C-A051-CB060C3A4241}.Release|Any CPU.ActiveCfg = Release|Any CPU
		{070FDAB2-BB56-426C-A051-CB060C3A4241}.Release|Any CPU.Build.0 = Release|Any CPU
		{44CB874E-174C-426A-BF24-873BBC431B7B}.Debug|Any CPU.ActiveCfg = Debug|Any CPU
		{44CB874E-174C-426A-BF24-873BBC431B7B}.Debug|Any CPU.Build.0 = Debug|Any CPU
		{44CB874E-174C-426A-BF24-873BBC431B7B}.Release|Any CPU.ActiveCfg = Release|Any CPU
		{44CB874E-174C-426A-BF24-873BBC431B7B}.Release|Any CPU.Build.0 = Release|Any CPU
		{862C30B4-0E88-4FE3-BA0B-F67F19C27326}.Debug|Any CPU.ActiveCfg = Debug|Any CPU
		{862C30B4-0E88-4FE3-BA0B-F67F19C27326}.Debug|Any CPU.Build.0 = Debug|Any CPU
		{862C30B4-0E88-4FE3-BA0B-F67F19C27326}.Release|Any CPU.ActiveCfg = Release|Any CPU
		{862C30B4-0E88-4FE3-BA0B-F67F19C27326}.Release|Any CPU.Build.0 = Release|Any CPU
		{7D9D35FB-2ED0-4DF5-A016-BDFF510D197D}.Debug|Any CPU.ActiveCfg = Debug|Any CPU
		{7D9D35FB-2ED0-4DF5-A016-BDFF510D197D}.Debug|Any CPU.Build.0 = Debug|Any CPU
		{7D9D35FB-2ED0-4DF5-A016-BDFF510D197D}.Release|Any CPU.ActiveCfg = Release|Any CPU
		{7D9D35FB-2ED0-4DF5-A016-BDFF510D197D}.Release|Any CPU.Build.0 = Release|Any CPU
		{94C67977-C876-4A5E-98E1-4C63DDA48A8D}.Debug|Any CPU.ActiveCfg = Debug|Any CPU
		{94C67977-C876-4A5E-98E1-4C63DDA48A8D}.Debug|Any CPU.Build.0 = Debug|Any CPU
		{94C67977-C876-4A5E-98E1-4C63DDA48A8D}.Release|Any CPU.ActiveCfg = Release|Any CPU
		{94C67977-C876-4A5E-98E1-4C63DDA48A8D}.Release|Any CPU.Build.0 = Release|Any CPU
		{79941E67-6E62-46C5-A0F8-DAA105EBA9CD}.Debug|Any CPU.ActiveCfg = Debug|Any CPU
		{79941E67-6E62-46C5-A0F8-DAA105EBA9CD}.Debug|Any CPU.Build.0 = Debug|Any CPU
		{79941E67-6E62-46C5-A0F8-DAA105EBA9CD}.Release|Any CPU.ActiveCfg = Release|Any CPU
		{79941E67-6E62-46C5-A0F8-DAA105EBA9CD}.Release|Any CPU.Build.0 = Release|Any CPU
		{659D15B5-8344-41D4-93F8-009850374FE6}.Debug|Any CPU.ActiveCfg = Debug|Any CPU
		{659D15B5-8344-41D4-93F8-009850374FE6}.Debug|Any CPU.Build.0 = Debug|Any CPU
		{659D15B5-8344-41D4-93F8-009850374FE6}.Release|Any CPU.ActiveCfg = Release|Any CPU
		{659D15B5-8344-41D4-93F8-009850374FE6}.Release|Any CPU.Build.0 = Release|Any CPU
		{2CC0F090-D418-45A4-ADDF-12519C8459C7}.Debug|Any CPU.ActiveCfg = Debug|Any CPU
		{2CC0F090-D418-45A4-ADDF-12519C8459C7}.Debug|Any CPU.Build.0 = Debug|Any CPU
		{2CC0F090-D418-45A4-ADDF-12519C8459C7}.Release|Any CPU.ActiveCfg = Release|Any CPU
		{2CC0F090-D418-45A4-ADDF-12519C8459C7}.Release|Any CPU.Build.0 = Release|Any CPU
		{01CFA09F-ED90-4890-A7E3-F74EE734440B}.Debug|Any CPU.ActiveCfg = Debug|Any CPU
		{01CFA09F-ED90-4890-A7E3-F74EE734440B}.Debug|Any CPU.Build.0 = Debug|Any CPU
		{01CFA09F-ED90-4890-A7E3-F74EE734440B}.Release|Any CPU.ActiveCfg = Release|Any CPU
		{01CFA09F-ED90-4890-A7E3-F74EE734440B}.Release|Any CPU.Build.0 = Release|Any CPU
		{9FE2EB27-2176-4388-87AC-7A017EDBA84A}.Debug|Any CPU.ActiveCfg = Debug|Any CPU
		{9FE2EB27-2176-4388-87AC-7A017EDBA84A}.Debug|Any CPU.Build.0 = Debug|Any CPU
		{9FE2EB27-2176-4388-87AC-7A017EDBA84A}.Release|Any CPU.ActiveCfg = Release|Any CPU
		{9FE2EB27-2176-4388-87AC-7A017EDBA84A}.Release|Any CPU.Build.0 = Release|Any CPU
		{23BC96D4-1C0D-47E7-84D2-A24D26526AB3}.Debug|Any CPU.ActiveCfg = Debug|Any CPU
		{23BC96D4-1C0D-47E7-84D2-A24D26526AB3}.Debug|Any CPU.Build.0 = Debug|Any CPU
		{23BC96D4-1C0D-47E7-84D2-A24D26526AB3}.Release|Any CPU.ActiveCfg = Release|Any CPU
		{23BC96D4-1C0D-47E7-84D2-A24D26526AB3}.Release|Any CPU.Build.0 = Release|Any CPU
		{881D0D20-E7C2-4E97-8A84-E1999326613F}.Debug|Any CPU.ActiveCfg = Debug|Any CPU
		{881D0D20-E7C2-4E97-8A84-E1999326613F}.Debug|Any CPU.Build.0 = Debug|Any CPU
		{881D0D20-E7C2-4E97-8A84-E1999326613F}.Release|Any CPU.ActiveCfg = Release|Any CPU
		{881D0D20-E7C2-4E97-8A84-E1999326613F}.Release|Any CPU.Build.0 = Release|Any CPU
		{3E58C590-3346-4C25-A7A2-6AF4F4C09BA0}.Debug|Any CPU.ActiveCfg = Debug|Any CPU
		{3E58C590-3346-4C25-A7A2-6AF4F4C09BA0}.Debug|Any CPU.Build.0 = Debug|Any CPU
		{3E58C590-3346-4C25-A7A2-6AF4F4C09BA0}.Release|Any CPU.ActiveCfg = Release|Any CPU
		{3E58C590-3346-4C25-A7A2-6AF4F4C09BA0}.Release|Any CPU.Build.0 = Release|Any CPU
		{C080947C-6624-4AFA-9436-4028CCC64D80}.Debug|Any CPU.ActiveCfg = Debug|Any CPU
		{C080947C-6624-4AFA-9436-4028CCC64D80}.Debug|Any CPU.Build.0 = Debug|Any CPU
		{C080947C-6624-4AFA-9436-4028CCC64D80}.Release|Any CPU.ActiveCfg = Release|Any CPU
		{C080947C-6624-4AFA-9436-4028CCC64D80}.Release|Any CPU.Build.0 = Release|Any CPU
		{BE980C29-00FA-436B-AC8A-D176426818DB}.Debug|Any CPU.ActiveCfg = Debug|Any CPU
		{BE980C29-00FA-436B-AC8A-D176426818DB}.Debug|Any CPU.Build.0 = Debug|Any CPU
		{BE980C29-00FA-436B-AC8A-D176426818DB}.Release|Any CPU.ActiveCfg = Release|Any CPU
		{BE980C29-00FA-436B-AC8A-D176426818DB}.Release|Any CPU.Build.0 = Release|Any CPU
		{6AAB7983-912D-40D0-9788-29C8025F23C8}.Debug|Any CPU.ActiveCfg = Debug|Any CPU
		{6AAB7983-912D-40D0-9788-29C8025F23C8}.Debug|Any CPU.Build.0 = Debug|Any CPU
		{6AAB7983-912D-40D0-9788-29C8025F23C8}.Release|Any CPU.ActiveCfg = Release|Any CPU
		{6AAB7983-912D-40D0-9788-29C8025F23C8}.Release|Any CPU.Build.0 = Release|Any CPU
		{67A78F4E-C88E-43F6-8220-B2EC618AF593}.Debug|Any CPU.ActiveCfg = Debug|Any CPU
		{67A78F4E-C88E-43F6-8220-B2EC618AF593}.Debug|Any CPU.Build.0 = Debug|Any CPU
		{67A78F4E-C88E-43F6-8220-B2EC618AF593}.Release|Any CPU.ActiveCfg = Release|Any CPU
		{67A78F4E-C88E-43F6-8220-B2EC618AF593}.Release|Any CPU.Build.0 = Release|Any CPU
		{71375C9D-2A48-4D4C-B4D0-2F6FF9346468}.Debug|Any CPU.ActiveCfg = Debug|Any CPU
		{71375C9D-2A48-4D4C-B4D0-2F6FF9346468}.Debug|Any CPU.Build.0 = Debug|Any CPU
		{71375C9D-2A48-4D4C-B4D0-2F6FF9346468}.Release|Any CPU.ActiveCfg = Release|Any CPU
		{71375C9D-2A48-4D4C-B4D0-2F6FF9346468}.Release|Any CPU.Build.0 = Release|Any CPU
		{54080468-5C62-418D-9BAE-7CE71C639B51}.Debug|Any CPU.ActiveCfg = Debug|Any CPU
		{54080468-5C62-418D-9BAE-7CE71C639B51}.Debug|Any CPU.Build.0 = Debug|Any CPU
		{54080468-5C62-418D-9BAE-7CE71C639B51}.Release|Any CPU.ActiveCfg = Release|Any CPU
		{54080468-5C62-418D-9BAE-7CE71C639B51}.Release|Any CPU.Build.0 = Release|Any CPU
		{32CA35B6-33FC-4515-9BBA-33E1B1F8E68B}.Debug|Any CPU.ActiveCfg = Debug|Any CPU
		{32CA35B6-33FC-4515-9BBA-33E1B1F8E68B}.Debug|Any CPU.Build.0 = Debug|Any CPU
		{32CA35B6-33FC-4515-9BBA-33E1B1F8E68B}.Release|Any CPU.ActiveCfg = Release|Any CPU
		{32CA35B6-33FC-4515-9BBA-33E1B1F8E68B}.Release|Any CPU.Build.0 = Release|Any CPU
		{2819E274-7D56-444A-9893-FFBD31EA426B}.Debug|Any CPU.ActiveCfg = Debug|Any CPU
		{2819E274-7D56-444A-9893-FFBD31EA426B}.Debug|Any CPU.Build.0 = Debug|Any CPU
		{2819E274-7D56-444A-9893-FFBD31EA426B}.Release|Any CPU.ActiveCfg = Release|Any CPU
		{2819E274-7D56-444A-9893-FFBD31EA426B}.Release|Any CPU.Build.0 = Release|Any CPU
		{A3AC35DE-EEC4-4ADE-AC81-58082A0C4686}.Debug|Any CPU.ActiveCfg = Debug|Any CPU
		{A3AC35DE-EEC4-4ADE-AC81-58082A0C4686}.Debug|Any CPU.Build.0 = Debug|Any CPU
		{A3AC35DE-EEC4-4ADE-AC81-58082A0C4686}.Release|Any CPU.ActiveCfg = Release|Any CPU
		{A3AC35DE-EEC4-4ADE-AC81-58082A0C4686}.Release|Any CPU.Build.0 = Release|Any CPU
		{A99DBAAE-3FEA-450F-A826-28DC4D143AF5}.Debug|Any CPU.ActiveCfg = Debug|Any CPU
		{A99DBAAE-3FEA-450F-A826-28DC4D143AF5}.Debug|Any CPU.Build.0 = Debug|Any CPU
		{A99DBAAE-3FEA-450F-A826-28DC4D143AF5}.Release|Any CPU.ActiveCfg = Release|Any CPU
		{A99DBAAE-3FEA-450F-A826-28DC4D143AF5}.Release|Any CPU.Build.0 = Release|Any CPU
		{DB0CD7D0-E77C-4615-8F62-5D10CE1DBC23}.Debug|Any CPU.ActiveCfg = Debug|Any CPU
		{DB0CD7D0-E77C-4615-8F62-5D10CE1DBC23}.Debug|Any CPU.Build.0 = Debug|Any CPU
		{DB0CD7D0-E77C-4615-8F62-5D10CE1DBC23}.Release|Any CPU.ActiveCfg = Release|Any CPU
		{DB0CD7D0-E77C-4615-8F62-5D10CE1DBC23}.Release|Any CPU.Build.0 = Release|Any CPU
		{F38EA94F-5D18-428D-9C6E-21CEB3907C9B}.Debug|Any CPU.ActiveCfg = Debug|Any CPU
		{F38EA94F-5D18-428D-9C6E-21CEB3907C9B}.Debug|Any CPU.Build.0 = Debug|Any CPU
		{F38EA94F-5D18-428D-9C6E-21CEB3907C9B}.Release|Any CPU.ActiveCfg = Release|Any CPU
		{F38EA94F-5D18-428D-9C6E-21CEB3907C9B}.Release|Any CPU.Build.0 = Release|Any CPU
		{A490524D-0483-4510-8A7F-0C67664E3032}.Debug|Any CPU.ActiveCfg = Debug|Any CPU
		{A490524D-0483-4510-8A7F-0C67664E3032}.Debug|Any CPU.Build.0 = Debug|Any CPU
		{A490524D-0483-4510-8A7F-0C67664E3032}.Release|Any CPU.ActiveCfg = Release|Any CPU
		{A490524D-0483-4510-8A7F-0C67664E3032}.Release|Any CPU.Build.0 = Release|Any CPU
		{B636A4E6-0953-4316-8B84-1DB4BC122A5C}.Debug|Any CPU.ActiveCfg = Debug|Any CPU
		{B636A4E6-0953-4316-8B84-1DB4BC122A5C}.Debug|Any CPU.Build.0 = Debug|Any CPU
		{B636A4E6-0953-4316-8B84-1DB4BC122A5C}.Release|Any CPU.ActiveCfg = Release|Any CPU
		{B636A4E6-0953-4316-8B84-1DB4BC122A5C}.Release|Any CPU.Build.0 = Release|Any CPU
		{BDED1053-6327-41F3-99D5-49D396878F88}.Debug|Any CPU.ActiveCfg = Debug|Any CPU
		{BDED1053-6327-41F3-99D5-49D396878F88}.Debug|Any CPU.Build.0 = Debug|Any CPU
		{BDED1053-6327-41F3-99D5-49D396878F88}.Release|Any CPU.ActiveCfg = Release|Any CPU
		{BDED1053-6327-41F3-99D5-49D396878F88}.Release|Any CPU.Build.0 = Release|Any CPU
		{D5AF983B-4DC7-413A-BB9B-B4DECB0FD5EF}.Debug|Any CPU.ActiveCfg = Debug|Any CPU
		{D5AF983B-4DC7-413A-BB9B-B4DECB0FD5EF}.Debug|Any CPU.Build.0 = Debug|Any CPU
		{D5AF983B-4DC7-413A-BB9B-B4DECB0FD5EF}.Release|Any CPU.ActiveCfg = Release|Any CPU
		{D5AF983B-4DC7-413A-BB9B-B4DECB0FD5EF}.Release|Any CPU.Build.0 = Release|Any CPU
	EndGlobalSection
	GlobalSection(SolutionProperties) = preSolution
		HideSolutionNode = FALSE
	EndGlobalSection
	GlobalSection(NestedProjects) = preSolution
		{070FDAB2-BB56-426C-A051-CB060C3A4241} = {0C75F012-6051-4636-9D09-5FC039C6E94D}
		{44CB874E-174C-426A-BF24-873BBC431B7B} = {0C75F012-6051-4636-9D09-5FC039C6E94D}
		{862C30B4-0E88-4FE3-BA0B-F67F19C27326} = {0C75F012-6051-4636-9D09-5FC039C6E94D}
		{7D9D35FB-2ED0-4DF5-A016-BDFF510D197D} = {0C75F012-6051-4636-9D09-5FC039C6E94D}
		{94C67977-C876-4A5E-98E1-4C63DDA48A8D} = {6767B116-2377-46EE-A856-0E1BC67505FB}
		{79941E67-6E62-46C5-A0F8-DAA105EBA9CD} = {6767B116-2377-46EE-A856-0E1BC67505FB}
		{659D15B5-8344-41D4-93F8-009850374FE6} = {6767B116-2377-46EE-A856-0E1BC67505FB}
		{2CC0F090-D418-45A4-ADDF-12519C8459C7} = {6767B116-2377-46EE-A856-0E1BC67505FB}
		{01CFA09F-ED90-4890-A7E3-F74EE734440B} = {6767B116-2377-46EE-A856-0E1BC67505FB}
		{9FE2EB27-2176-4388-87AC-7A017EDBA84A} = {6767B116-2377-46EE-A856-0E1BC67505FB}
		{23BC96D4-1C0D-47E7-84D2-A24D26526AB3} = {6767B116-2377-46EE-A856-0E1BC67505FB}
		{881D0D20-E7C2-4E97-8A84-E1999326613F} = {5BEAB4F2-EE58-4DB1-9E3B-0CD6C6BDE508}
		{3E58C590-3346-4C25-A7A2-6AF4F4C09BA0} = {5BEAB4F2-EE58-4DB1-9E3B-0CD6C6BDE508}
		{C080947C-6624-4AFA-9436-4028CCC64D80} = {5BEAB4F2-EE58-4DB1-9E3B-0CD6C6BDE508}
		{BE980C29-00FA-436B-AC8A-D176426818DB} = {5BEAB4F2-EE58-4DB1-9E3B-0CD6C6BDE508}
		{6AAB7983-912D-40D0-9788-29C8025F23C8} = {5BEAB4F2-EE58-4DB1-9E3B-0CD6C6BDE508}
		{67A78F4E-C88E-43F6-8220-B2EC618AF593} = {5BEAB4F2-EE58-4DB1-9E3B-0CD6C6BDE508}
		{71375C9D-2A48-4D4C-B4D0-2F6FF9346468} = {5BEAB4F2-EE58-4DB1-9E3B-0CD6C6BDE508}
		{54080468-5C62-418D-9BAE-7CE71C639B51} = {5BEAB4F2-EE58-4DB1-9E3B-0CD6C6BDE508}
		{32CA35B6-33FC-4515-9BBA-33E1B1F8E68B} = {5BEAB4F2-EE58-4DB1-9E3B-0CD6C6BDE508}
		{2819E274-7D56-444A-9893-FFBD31EA426B} = {5BEAB4F2-EE58-4DB1-9E3B-0CD6C6BDE508}
		{A3AC35DE-EEC4-4ADE-AC81-58082A0C4686} = {5BEAB4F2-EE58-4DB1-9E3B-0CD6C6BDE508}
		{A99DBAAE-3FEA-450F-A826-28DC4D143AF5} = {5BEAB4F2-EE58-4DB1-9E3B-0CD6C6BDE508}
		{DB0CD7D0-E77C-4615-8F62-5D10CE1DBC23} = {5BEAB4F2-EE58-4DB1-9E3B-0CD6C6BDE508}
		{F38EA94F-5D18-428D-9C6E-21CEB3907C9B} = {5BEAB4F2-EE58-4DB1-9E3B-0CD6C6BDE508}
		{A490524D-0483-4510-8A7F-0C67664E3032} = {5BEAB4F2-EE58-4DB1-9E3B-0CD6C6BDE508}
		{B636A4E6-0953-4316-8B84-1DB4BC122A5C} = {5BEAB4F2-EE58-4DB1-9E3B-0CD6C6BDE508}
		{BDED1053-6327-41F3-99D5-49D396878F88} = {5BEAB4F2-EE58-4DB1-9E3B-0CD6C6BDE508}
		{D5AF983B-4DC7-413A-BB9B-B4DECB0FD5EF} = {5BEAB4F2-EE58-4DB1-9E3B-0CD6C6BDE508}
	EndGlobalSection
	GlobalSection(ExtensibilityGlobals) = postSolution
		SolutionGuid = {B8DCB615-FDB1-4065-87A2-9533AF6C6636}
	EndGlobalSection
EndGlobal
